{
  "name": "ng-keyboard-shortcuts",
  "version": "0.0.1",
  "lockfileVersion": 1,
  "requires": true,
  "dependencies": {
    "@types/ramda": {
      "version": "0.25.33",
      "resolved": "https://registry.npmjs.org/@types/ramda/-/ramda-0.25.33.tgz",
      "integrity": "sha512-2sR+RhlNo7yWoa8qPCLMC2lnIslXPXcyXYmM6ddh8ZHhFO1Ec/OCvCpV7ACTvMFes/nsJ+jVJMGfZL7kW8gxNg=="
    },
    "ramda": {
      "version": "0.25.0",
      "resolved": "https://registry.npmjs.org/ramda/-/ramda-0.25.0.tgz",
      "integrity": "sha512-GXpfrYVPwx3K7RQ6aYT8KPS8XViSXUVJT1ONhoKPE9VAleW42YE+U+8VEyGWt41EnEQW7gwecYJriTI0pKoecQ=="
    },
    "rxjs": {
      "version": "6.2.1",
      "resolved": "https://registry.npmjs.org/rxjs/-/rxjs-6.2.1.tgz",
      "integrity": "sha512-OwMxHxmnmHTUpgO+V7dZChf3Tixf4ih95cmXjzzadULziVl/FKhHScGLj4goEw9weePVOH2Q0+GcCBUhKCZc/g==",
      "requires": {
        "tslib": "^1.9.0"
      }
    },
    "tslib": {
      "version": "1.9.2",
      "resolved": "https://registry.npmjs.org/tslib/-/tslib-1.9.2.tgz",
      "integrity": "sha512-AVP5Xol3WivEr7hnssHDsaM+lVrVXWUvd1cfXTRkTj80b//6g2wIFEH6hZG0muGZRnHGrfttpdzRk3YlBkWjKw=="
    }
  }
}
